// !$*UTF8*$!
{
	archiveVersion = 1;
	classes = {
	};
	objectVersion = 46;
	objects = {

/* Begin PBXBuildFile section */
		5AF81C7B1EAF3BFE000BE56B /* AppDelegate.swift in Sources */ = {isa = PBXBuildFile; fileRef = 5AF81C7A1EAF3BFE000BE56B /* AppDelegate.swift */; };
		5AF81C7D1EAF3BFE000BE56B /* ViewController.swift in Sources */ = {isa = PBXBuildFile; fileRef = 5AF81C7C1EAF3BFE000BE56B /* ViewController.swift */; };
		5AF81C801EAF3BFE000BE56B /* Main.storyboard in Resources */ = {isa = PBXBuildFile; fileRef = 5AF81C7E1EAF3BFE000BE56B /* Main.storyboard */; };
		5AF81C821EAF3BFE000BE56B /* Assets.xcassets in Resources */ = {isa = PBXBuildFile; fileRef = 5AF81C811EAF3BFE000BE56B /* Assets.xcassets */; };
		5AF81C851EAF3BFE000BE56B /* LaunchScreen.storyboard in Resources */ = {isa = PBXBuildFile; fileRef = 5AF81C831EAF3BFE000BE56B /* LaunchScreen.storyboard */; };
		5AF81C8D1EAF3D20000BE56B /* ContentViewController.swift in Sources */ = {isa = PBXBuildFile; fileRef = 5AF81C8C1EAF3D20000BE56B /* ContentViewController.swift */; };
/* End PBXBuildFile section */

/* Begin PBXFileReference section */
		5AF81C771EAF3BFE000BE56B /* MyBook.app */ = {isa = PBXFileReference; explicitFileType = wrapper.application; includeInIndex = 0; path = MyBook.app; sourceTree = BUILT_PRODUCTS_DIR; };
		5AF81C7A1EAF3BFE000BE56B /* AppDelegate.swift */ = {isa = PBXFileReference; lastKnownFileType = sourcecode.swift; path = AppDelegate.swift; sourceTree = "<group>"; };
		5AF81C7C1EAF3BFE000BE56B /* ViewController.swift */ = {isa = PBXFileReference; lastKnownFileType = sourcecode.swift; path = ViewController.swift; sourceTree = "<group>"; };
		5AF81C7F1EAF3BFE000BE56B /* Base */ = {isa = PBXFileReference; lastKnownFileType = file.storyboard; name = Base; path = Base.lproj/Main.storyboard; sourceTree = "<group>"; };
		5AF81C811EAF3BFE000BE56B /* Assets.xcassets */ = {isa = PBXFileReference; lastKnownFileType = folder.assetcatalog; path = Assets.xcassets; sourceTree = "<group>"; };
		5AF81C841EAF3BFE000BE56B /* Base */ = {isa = PBXFileReference; lastKnownFileType = file.storyboard; name = Base; path = Base.lproj/LaunchScreen.storyboard; sourceTree = "<group>"; };
		5AF81C861EAF3BFE000BE56B /* Info.plist */ = {isa = PBXFileReference; lastKnownFileType = text.plist.xml; path = Info.plist; sourceTree = "<group>"; };
		5AF81C8C1EAF3D20000BE56B /* ContentViewController.swift */ = {isa = PBXFileReference; fileEncoding = 4; lastKnownFileType = sourcecode.swift; path = ContentViewController.swift; sourceTree = "<group>"; };
/* End PBXFileReference section */

/* Begin PBXFrameworksBuildPhase section */
		5AF81C741EAF3BFE000BE56B /* Frameworks */ = {
			isa = PBXFrameworksBuildPhase;
			buildActionMask = 2147483647;
			files = (
			);
			runOnlyForDeploymentPostprocessing = 0;
		};
/* End PBXFrameworksBuildPhase section */

/* Begin PBXGroup section */
		5AF81C6E1EAF3BFE000BE56B = {
			isa = PBXGroup;
			children = (
				5AF81C791EAF3BFE000BE56B /* MyBook */,
				5AF81C781EAF3BFE000BE56B /* Products */,
			);
			sourceTree = "<group>";
		};
		5AF81C781EAF3BFE000BE56B /* Products */ = {
			isa = PBXGroup;
			children = (
				5AF81C771EAF3BFE000BE56B /* MyBook.app */,
			);
			name = Products;
			sourceTree = "<group>";
		};
		5AF81C791EAF3BFE000BE56B /* MyBook */ = {
			isa = PBXGroup;
			children = (
				5AF81C7A1EAF3BFE000BE56B /* AppDelegate.swift */,
				5AF81C7C1EAF3BFE000BE56B /* ViewController.swift */,
				5AF81C7E1EAF3BFE000BE56B /* Main.storyboard */,
				5AF81C811EAF3BFE000BE56B /* Assets.xcassets */,
				5AF81C831EAF3BFE000BE56B /* LaunchScreen.storyboard */,
				5AF81C861EAF3BFE000BE56B /* Info.plist */,
				5AF81C8C1EAF3D20000BE56B /* ContentViewController.swift */,
			);
			path = MyBook;
			sourceTree = "<group>";
		};
/* End PBXGroup section */

/* Begin PBXNativeTarget section */
		5AF81C761EAF3BFE000BE56B /* MyBook */ = {
			isa = PBXNativeTarget;
			buildConfigurationList = 5AF81C891EAF3BFE000BE56B /* Build configuration list for PBXNativeTarget "MyBook" */;
			buildPhases = (
				5AF81C731EAF3BFE000BE56B /* Sources */,
				5AF81C741EAF3BFE000BE56B /* Frameworks */,
				5AF81C751EAF3BFE000BE56B /* Resources */,
			);
			buildRules = (
			);
			dependencies = (
			);
			name = MyBook;
			productName = MyBook;
			productReference = 5AF81C771EAF3BFE000BE56B /* MyBook.app */;
			productType = "com.apple.product-type.application";
		};
/* End PBXNativeTarget section */

/* Begin PBXProject section */
		5AF81C6F1EAF3BFE000BE56B /* Project object */ = {
			isa = PBXProject;
			attributes = {
				LastSwiftUpdateCheck = 0830;
				LastUpgradeCheck = 0830;
				ORGANIZATIONNAME = l5ee;
				TargetAttributes = {
					5AF81C761EAF3BFE000BE56B = {
						CreatedOnToolsVersion = 8.3.2;
						DevelopmentTeam = TKA48YVS5T;
						ProvisioningStyle = Automatic;
					};
				};
			};
			buildConfigurationList = 5AF81C721EAF3BFE000BE56B /* Build configuration list for PBXProject "MyBook" */;
			compatibilityVersion = "Xcode 3.2";
			developmentRegion = English;
			hasScannedForEncodings = 0;
			knownRegions = (
				en,
				Base,
			);
			mainGroup = 5AF81C6E1EAF3BFE000BE56B;
			productRefGroup = 5AF81C781EAF3BFE000BE56B /* Products */;
			projectDirPath = "";
			projectRoot = "";
			targets = (
				5AF81C761EAF3BFE000BE56B /* MyBook */,
			);
		};
/* End PBXProject section */

/* Begin PBXResourcesBuildPhase section */
		5AF81C751EAF3BFE000BE56B /* Resources */ = {
			isa = PBXResourcesBuildPhase;
			buildActionMask = 2147483647;
			files = (
				5AF81C851EAF3BFE000BE56B /* LaunchScreen.storyboard in Resources */,
				5AF81C821EAF3BFE000BE56B /* Assets.xcassets in Resources */,
				5AF81C801EAF3BFE000BE56B /* Main.storyboard in Resources */,
			);
			runOnlyForDeploymentPostprocessing = 0;
		};
/* End PBXResourcesBuildPhase section */

/* Begin PBXSourcesBuildPhase section */
		5AF81C731EAF3BFE000BE56B /* Sources */ = {
			isa = PBXSourcesBuildPhase;
			buildActionMask = 2147483647;
			files = (
				5AF81C7D1EAF3BFE000BE56B /* ViewController.swift in Sources */,
				5AF81C8D1EAF3D20000BE56B /* ContentViewController.swift in Sources */,
				5AF81C7B1EAF3BFE000BE56B /* AppDelegate.swift in Sources */,
			);
			runOnlyForDeploymentPostprocessing = 0;
		};
/* End PBXSourcesBuildPhase section */

/* Begin PBXVariantGroup section */
		5AF81C7E1EAF3BFE000BE56B /* Main.storyboard */ = {
			isa = PBXVariantGroup;
			children = (
				5AF81C7F1EAF3BFE000BE56B /* Base */,
			);
			name = Main.storyboard;
			sourceTree = "<group>";
		};
		5AF81C831EAF3BFE000BE56B /* LaunchScreen.storyboard */ = {
			isa = PBXVariantGroup;
			children = (
				5AF81C841EAF3BFE000BE56B /* Base */,
			);
			name = LaunchScreen.storyboard;
			sourceTree = "<group>";
		};
/* End PBXVariantGroup section */

/* Begin XCBuildConfiguration section */
		5AF81C871EAF3BFE000BE56B /* Debug */ = {
			isa = XCBuildConfiguration;
			buildSettings = {
				ALWAYS_SEARCH_USER_PATHS = NO;
				CLANG_ANALYZER_NONNULL = YES;
				CLANG_ANALYZER_NUMBER_OBJECT_CONVERSION = YES_AGGRESSIVE;
				CLANG_CXX_LANGUAGE_STANDARD = "gnu++0x";
				CLANG_CXX_LIBRARY = "libc++";
				CLANG_ENABLE_MODULES = YES;
				CLANG_ENABLE_OBJC_ARC = YES;
				CLANG_WARN_BOOL_CONVERSION = YES;
				CLANG_WARN_CONSTANT_CONVERSION = YES;
				CLANG_WARN_DIRECT_OBJC_ISA_USAGE = YES_ERROR;
				CLANG_WARN_DOCUMENTATION_COMMENTS = YES;
				CLANG_WARN_EMPTY_BODY = YES;
				CLANG_WARN_ENUM_CONVERSION = YES;
				CLANG_WARN_INFINITE_RECURSION = YES;
				CLANG_WARN_INT_CONVERSION = YES;
				CLANG_WARN_OBJC_ROOT_CLASS = YES_ERROR;
				CLANG_WARN_SUSPICIOUS_MOVE = YES;
				CLANG_WARN_UNREACHABLE_CODE = YES;
				CLANG_WARN__DUPLICATE_METHOD_MATCH = YES;
				"CODE_SIGN_IDENTITY[sdk=iphoneos*]" = "iPhone Developer";
				COPY_PHASE_STRIP = NO;
				DEBUG_INFORMATION_FORMAT = dwarf;
				ENABLE_STRICT_OBJC_MSGSEND = YES;
				ENABLE_TESTABILITY = YES;
				GCC_C_LANGUAGE_STANDARD = gnu99;
				GCC_DYNAMIC_NO_PIC = NO;
				GCC_NO_COMMON_BLOCKS = YES;
				GCC_OPTIMIZATION_LEVEL = 0;
				GCC_PREPROCESSOR_DEFINITIONS = (
					"DEBUG=1",
					"$(inherited)",
				);
				GCC_WARN_64_TO_32_BIT_CONVERSION = YES;
				GCC_WARN_ABOUT_RETURN_TYPE = YES_ERROR;
				GCC_WARN_UNDECLARED_SELECTOR = YES;
				GCC_WARN_UNINITIALIZED_AUTOS = YES_AGGRESSIVE;
				GCC_WARN_UNUSED_FUNCTION = YES;
				GCC_WARN_UNUSED_VARIABLE = YES;
				IPHONEOS_DEPLOYMENT_TARGET = 10.3;
				MTL_ENABLE_DEBUG_INFO = YES;
				ONLY_ACTIVE_ARCH = YES;
				SDKROOT = iphoneos;
				SWIFT_ACTIVE_COMPILATION_CONDITIONS = DEBUG;
				SWIFT_OPTIMIZATION_LEVEL = "-Onone";
				TARGETED_DEVICE_FAMILY = "1,2";
			};
			name = Debug;
		};
		5AF81C881EAF3BFE000BE56B /* Release */ = {
			isa = XCBuildConfiguration;
			buildSettings = {
				ALWAYS_SEARCH_USER_PATHS = NO;
				CLANG_ANALYZER_NONNULL = YES;
				CLANG_ANALYZER_NUMBER_OBJECT_CONVERSION = YES_AGGRESSIVE;
				CLANG_CXX_LANGUAGE_STANDARD = "gnu++0x";
				CLANG_CXX_LIBRARY = "libc++";
				CLANG_ENABLE_MODULES = YES;
				CLANG_ENABLE_OBJC_ARC = YES;
				CLANG_WARN_BOOL_CONVERSION = YES;
				CLANG_WARN_CONSTANT_CONVERSION = YES;
				CLANG_WARN_DIRECT_OBJC_ISA_USAGE = YES_ERROR;
				CLANG_WARN_DOCUMENTATION_COMMENTS = YES;
				CLANG_WARN_EMPTY_BODY = YES;
				CLANG_WARN_ENUM_CONVERSION = YES;
				CLANG_WARN_INFINITE_RECURSION = YES;
				CLANG_WARN_INT_CONVERSION = YES;
				CLANG_WARN_OBJC_ROOT_CLASS = YES_ERROR;
				CLANG_WARN_SUSPICIOUS_MOVE = YES;
				CLANG_WARN_UNREACHABLE_CODE = YES;
				CLANG_WARN__DUPLICATE_METHOD_MATCH = YES;
				"CODE_SIGN_IDENTITY[sdk=iphoneos*]" = "iPhone Developer";
				COPY_PHASE_STRIP = NO;
				DEBUG_INFORMATION_FORMAT = "dwarf-with-dsym";
				ENABLE_NS_ASSERTIONS = NO;
				ENABLE_STRICT_OBJC_MSGSEND = YES;
				GCC_C_LANGUAGE_STANDARD = gnu99;
				GCC_NO_COMMON_BLOCKS = YES;
				GCC_WARN_64_TO_32_BIT_CONVERSION = YES;
				GCC_WARN_ABOUT_RETURN_TYPE = YES_ERROR;
				GCC_WARN_UNDECLARED_SELECTOR = YES;
				GCC_WARN_UNINITIALIZED_AUTOS = YES_AGGRESSIVE;
				GCC_WARN_UNUSED_FUNCTION = YES;
				GCC_WARN_UNUSED_VARIABLE = YES;
				IPHONEOS_DEPLOYMENT_TARGET = 10.3;
				MTL_ENABLE_DEBUG_INFO = NO;
				SDKROOT = iphoneos;
				SWIFT_OPTIMIZATION_LEVEL = "-Owholemodule";
				TARGETED_DEVICE_FAMILY = "1,2";
				VALIDATE_PRODUCT = YES;
			};
			name = Release;
		};
		5AF81C8A1EAF3BFE000BE56B /* Debug */ = {
			isa = XCBuildConfiguration;
			buildSettings = {
				ASSETCATALOG_COMPILER_APPICON_NAME = AppIcon;
				DEVELOPMENT_TEAM = TKA48YVS5T;
				INFOPLIST_FILE = MyBook/Info.plist;
				LD_RUNPATH_SEARCH_PATHS = "$(inherited) @executable_path/Frameworks";
				PRODUCT_BUNDLE_IDENTIFIER = com.l5ee.MyBook;
				PRODUCT_NAME = "$(TARGET_NAME)";
				SWIFT_VERSION = 3.0;
			};
			name = Debug;
		};
		5AF81C8B1EAF3BFE000BE56B /* Release */ = {
			isa = XCBuildConfiguration;
			buildSettings = {
				ASSETCATALOG_COMPILER_APPICON_NAME = AppIcon;
				DEVELOPMENT_TEAM = TKA48YVS5T;
				INFOPLIST_FILE = MyBook/Info.plist;
				LD_RUNPATH_SEARCH_PATHS = "$(inherited) @executable_path/Frameworks";
				PRODUCT_BUNDLE_IDENTIFIER = com.l5ee.MyBook;
				PRODUCT_NAME = "$(TARGET_NAME)";
				SWIFT_VERSION = 3.0;
			};
			name = Release;
		};
/* End XCBuildConfiguration section */

/* Begin XCConfigurationList section */
		5AF81C721EAF3BFE000BE56B /* Build configuration list for PBXProject "MyBook" */ = {
			isa = XCConfigurationList;
			buildConfigurations = (
				5AF81C871EAF3BFE000BE56B /* Debug */,
				5AF81C881EAF3BFE000BE56B /* Release */,
			);
			defaultConfigurationIsVisible = 0;
			defaultConfigurationName = Release;
		};
		5AF81C891EAF3BFE000BE56B /* Build configuration list for PBXNativeTarget "MyBook" */ = {
			isa = XCConfigurationList;
			buildConfigurations = (
				5AF81C8A1EAF3BFE000BE56B /* Debug */,
				5AF81C8B1EAF3BFE000BE56B /* Release */,
			);
			defaultConfigurationIsVisible = 0;
		};
/* End XCConfigurationList section */
	};
	rootObject = 5AF81C6F1EAF3BFE000BE56B /* Project object */;
}
